
Microsoft Visual Studio Solution File, Format Version 12.00
# Visual Studio Version 17
VisualStudioVersion = 17.8.34330.188
MinimumVisualStudioVersion = 10.0.40219.1
Project("{FAE04EC0-301F-11D3-BF4B-00C04F79EFBC}") = "MindBoxShapeLib", "MindBoxShapeLib\MindBoxShapeLib.csproj", "{0DC6849A-F69A-4C0E-AD09-10AFD6602CC3}"
EndProject
Project("{FAE04EC0-301F-11D3-BF4B-00C04F79EFBC}") = "MindBoxUnitTest", "MindBoxUnitTest\MindBoxUnitTest.csproj", "{D19B8A12-78B8-4E7A-9DF0-5B3E376D9598}"
EndProject
Global
	GlobalSection(SolutionConfigurationPlatforms) = preSolution
		Debug|Any CPU = Debug|Any CPU
		Release|Any CPU = Release|Any CPU
	EndGlobalSection
	GlobalSection(ProjectConfigurationPlatforms) = postSolution
		{0DC6849A-F69A-4C0E-AD09-10AFD6602CC3}.Debug|Any CPU.ActiveCfg = Debug|Any CPU
		{0DC6849A-F69A-4C0E-AD09-10AFD6602CC3}.Debug|Any CPU.Build.0 = Debug|Any CPU
		{0DC6849A-F69A-4C0E-AD09-10AFD6602CC3}.Release|Any CPU.ActiveCfg = Release|Any CPU
		{0DC6849A-F69A-4C0E-AD09-10AFD6602CC3}.Release|Any CPU.Build.0 = Release|Any CPU
		{D19B8A12-78B8-4E7A-9DF0-5B3E376D9598}.Debug|Any CPU.ActiveCfg = Debug|Any CPU
		{D19B8A12-78B8-4E7A-9DF0-5B3E376D9598}.Debug|Any CPU.Build.0 = Debug|Any CPU
		{D19B8A12-78B8-4E7A-9DF0-5B3E376D9598}.Release|Any CPU.ActiveCfg = Release|Any CPU
		{D19B8A12-78B8-4E7A-9DF0-5B3E376D9598}.Release|Any CPU.Build.0 = Release|Any CPU
	EndGlobalSection
	GlobalSection(SolutionProperties) = preSolution
		HideSolutionNode = FALSE
	EndGlobalSection
	GlobalSection(ExtensibilityGlobals) = postSolution
		SolutionGuid = {094AF2F5-E649-4DEB-8F1F-9B1E38ED51E1}
	EndGlobalSection
EndGlobal
